{
  "lockfileVersion": 1,
  "configVersion": 1,
  "workspaces": {
    "": {
      "name": "oh-my-opencode",
      "dependencies": {
        "@ast-grep/cli": "^0.40.0",
        "@ast-grep/napi": "^0.40.0",
        "@clack/prompts": "^0.11.0",
        "@code-yeongyu/comment-checker": "^0.6.0",
        "@openauthjs/openauth": "^0.4.3",
        "@opencode-ai/plugin": "^1.0.162",
        "@opencode-ai/sdk": "^1.0.162",
        "commander": "^14.0.2",
        "hono": "^4.10.4",
        "picocolors": "^1.1.1",
        "picomatch": "^4.0.2",
        "xdg-basedir": "^5.1.0",
        "zod": "^4.1.8",
      },
      "devDependencies": {
        "@types/picomatch": "^3.0.2",
        "bun-types": "latest",
        "typescript": "^5.7.3",
      },
    },
  },
  "trustedDependencies": [
    "@ast-grep/cli",
    "@ast-grep/napi",
    "@code-yeongyu/comment-checker",
  ],
  "packages": {
    "@ast-grep/cli": ["@ast-grep/cli@0.40.0", "", { "dependencies": { "detect-libc": "2.1.2" }, "optionalDependencies": { "@ast-grep/cli-darwin-arm64": "0.40.0", "@ast-grep/cli-darwin-x64": "0.40.0", "@ast-grep/cli-linux-arm64-gnu": "0.40.0", "@ast-grep/cli-linux-x64-gnu": "0.40.0", "@ast-grep/cli-win32-arm64-msvc": "0.40.0", "@ast-grep/cli-win32-ia32-msvc": "0.40.0", "@ast-grep/cli-win32-x64-msvc": "0.40.0" }, "bin": { "sg": "sg", "ast-grep": "ast-grep" } }, "sha512-L8AkflsfI2ZP70yIdrwqvjR02ScCuRmM/qNGnJWUkOFck+e6gafNVJ4e4jjGQlEul+dNdBpx36+O2Op629t47A=="],

    "@ast-grep/cli-darwin-arm64": ["@ast-grep/cli-darwin-arm64@0.40.0", "", { "os": "darwin", "cpu": "arm64" }, "sha512-UehY2MMUkdJbsriP7NKc6+uojrqPn7d1Cl0em+WAkee7Eij81VdyIjRsRxtZSLh440ZWQBHI3PALZ9RkOO8pKQ=="],

    "@ast-grep/cli-darwin-x64": ["@ast-grep/cli-darwin-x64@0.40.0", "", { "os": "darwin", "cpu": "x64" }, "sha512-RFDJ2ZxUbT0+grntNlOLJx7wa9/ciVCeaVtQpQy8WJJTvXvkY0etl8Qlh2TmO2x2yr+i0Z6aMJi4IG/Yx5ghTQ=="],

    "@ast-grep/cli-linux-arm64-gnu": ["@ast-grep/cli-linux-arm64-gnu@0.40.0", "", { "os": "linux", "cpu": "arm64" }, "sha512-4p55gnTQ1mMFCyqjtM7bH9SB9r16mkwXtUcJQGX1YgFG4WD+QG8rC4GwSuNNZcdlYaOQuTWrgUEQ9z5K06UXfg=="],

    "@ast-grep/cli-linux-x64-gnu": ["@ast-grep/cli-linux-x64-gnu@0.40.0", "", { "os": "linux", "cpu": "x64" }, "sha512-u2MXFceuwvrO+OQ6zFGoJ6wbATXn46HWwW79j4UPrXYJzVl97jRyjJOIQTJOzTflsk02fjP98DQkfvbXt2dl3Q=="],

    "@ast-grep/cli-win32-arm64-msvc": ["@ast-grep/cli-win32-arm64-msvc@0.40.0", "", { "os": "win32", "cpu": "arm64" }, "sha512-E/I1xpF/RQL2fo1CQsQfTxyDLnChsbZ+ERrQHKuF1FI4WrkaPOBibpqda60QgVmUcgOGZyZ/GRb3iKEVWPsQNQ=="],

    "@ast-grep/cli-win32-ia32-msvc": ["@ast-grep/cli-win32-ia32-msvc@0.40.0", "", { "os": "win32", "cpu": "ia32" }, "sha512-9h12OQu1BR0GxHEtT+Z4QkJk3LLWLiKwjBkjXUGlASHYDPTyLcs85KwDLeFHs4BwarF8TDdF+KySvB9WPGl/nQ=="],

    "@ast-grep/cli-win32-x64-msvc": ["@ast-grep/cli-win32-x64-msvc@0.40.0", "", { "os": "win32", "cpu": "x64" }, "sha512-n2+3WynEWFHhXg6KDgjwWQ0UEtIvqUITFbKEk5cDkUYrzYhg/A6kj0qauPwRbVMoJms49vtsNpLkzzqyunio5g=="],

    "@ast-grep/napi": ["@ast-grep/napi@0.40.0", "", { "optionalDependencies": { "@ast-grep/napi-darwin-arm64": "0.40.0", "@ast-grep/napi-darwin-x64": "0.40.0", "@ast-grep/napi-linux-arm64-gnu": "0.40.0", "@ast-grep/napi-linux-arm64-musl": "0.40.0", "@ast-grep/napi-linux-x64-gnu": "0.40.0", "@ast-grep/napi-linux-x64-musl": "0.40.0", "@ast-grep/napi-win32-arm64-msvc": "0.40.0", "@ast-grep/napi-win32-ia32-msvc": "0.40.0", "@ast-grep/napi-win32-x64-msvc": "0.40.0" } }, "sha512-tq6nO/8KwUF/mHuk1ECaAOSOlz2OB/PmygnvprJzyAHGRVzdcffblaOOWe90M9sGz5MAasXoF+PTcayQj9TKKA=="],

    "@ast-grep/napi-darwin-arm64": ["@ast-grep/napi-darwin-arm64@0.40.0", "", { "os": "darwin", "cpu": "arm64" }, "sha512-ZMjl5yLhKjxdwbqEEdMizgQdWH2NrWsM6Px+JuGErgCDe6Aedq9yurEPV7veybGdLVJQhOah6htlSflXxjHnYA=="],

    "@ast-grep/napi-darwin-x64": ["@ast-grep/napi-darwin-x64@0.40.0", "", { "os": "darwin", "cpu": "x64" }, "sha512-f9Ol5oQKNRMBkvDtzBK1WiNn2/3eejF2Pn9xwTj7PhXuSFseedOspPYllxQo0gbwUlw/DJqGFTce/jarhR/rBw=="],

    "@ast-grep/napi-linux-arm64-gnu": ["@ast-grep/napi-linux-arm64-gnu@0.40.0", "", { "os": "linux", "cpu": "arm64" }, "sha512-+tO+VW5GDhT9jGkKOK+3b8+ohKjC98WTzn7wSskd/myyhK3oYL1WTKqCm07WSYBZOJvb3z+WaX+wOUrc4bvtyQ=="],

    "@ast-grep/napi-linux-arm64-musl": ["@ast-grep/napi-linux-arm64-musl@0.40.0", "", { "os": "linux", "cpu": "arm64" }, "sha512-MS9qalLRjUnF2PCzuTKTvCMVSORYHxxe3Qa0+SSaVULsXRBmuy5C/b1FeWwMFnwNnC0uie3VDet31Zujwi8q6A=="],

    "@ast-grep/napi-linux-x64-gnu": ["@ast-grep/napi-linux-x64-gnu@0.40.0", "", { "os": "linux", "cpu": "x64" }, "sha512-BeHZVMNXhM3WV3XE2yghO0fRxhMOt8BTN972p5piYEQUvKeSHmS8oeGcs6Ahgx5znBclqqqq37ZfioYANiTqJA=="],

    "@ast-grep/napi-linux-x64-musl": ["@ast-grep/napi-linux-x64-musl@0.40.0", "", { "os": "linux", "cpu": "x64" }, "sha512-rG1YujF7O+lszX8fd5u6qkFTuv4FwHXjWvt1CCvCxXwQLSY96LaCW88oVKg7WoEYQh54y++Fk57F+Wh9Gv9nVQ=="],

    "@ast-grep/napi-win32-arm64-msvc": ["@ast-grep/napi-win32-arm64-msvc@0.40.0", "", { "os": "win32", "cpu": "arm64" }, "sha512-9SqmnQqd4zTEUk6yx0TuW2ycZZs2+e569O/R0QnhSiQNpgwiJCYOe/yPS0BC9HkiaozQm6jjAcasWpFtz/dp+w=="],

    "@ast-grep/napi-win32-ia32-msvc": ["@ast-grep/napi-win32-ia32-msvc@0.40.0", "", { "os": "win32", "cpu": "ia32" }, "sha512-0JkdBZi5l9vZhGEO38A1way0LmLRDU5Vos6MXrLIOVkymmzDTDlCdY394J1LMmmsfwWcyJg6J7Yv2dw41MCxDQ=="],

    "@ast-grep/napi-win32-x64-msvc": ["@ast-grep/napi-win32-x64-msvc@0.40.0", "", { "os": "win32", "cpu": "x64" }, "sha512-Hk2IwfPqMFGZt5SRxsoWmGLxBXxprow4LRp1eG6V8EEiJCNHxZ9ZiEaIc5bNvMDBjHVSnqZAXT22dROhrcSKQg=="],

    "@clack/core": ["@clack/core@0.5.0", "", { "dependencies": { "picocolors": "^1.0.0", "sisteransi": "^1.0.5" } }, "sha512-p3y0FIOwaYRUPRcMO7+dlmLh8PSRcrjuTndsiA0WAFbWES0mLZlrjVoBRZ9DzkPFJZG6KGkJmoEAY0ZcVWTkow=="],

    "@clack/prompts": ["@clack/prompts@0.11.0", "", { "dependencies": { "@clack/core": "0.5.0", "picocolors": "^1.0.0", "sisteransi": "^1.0.5" } }, "sha512-pMN5FcrEw9hUkZA4f+zLlzivQSeQf5dRGJjSUbvVYDLvpKCdQx5OaknvKzgbtXOizhP+SJJJjqEbOe55uKKfAw=="],

    "@code-yeongyu/comment-checker": ["@code-yeongyu/comment-checker@0.6.0", "", { "os": [ "linux", "win32", "darwin", ], "cpu": [ "x64", "arm64", ], "bin": { "comment-checker": "bin/comment-checker" } }, "sha512-VtDPrhbUJcb5BIS18VMcY/N/xSLbMr6dpU9MO1NYQyEDhI4pSIx07K4gOlCutG/nHVCjO+HEarn8rttODP+5UA=="],

    "@openauthjs/openauth": ["@openauthjs/openauth@0.4.3", "", { "dependencies": { "@standard-schema/spec": "1.0.0-beta.3", "aws4fetch": "1.0.20", "jose": "5.9.6" }, "peerDependencies": { "arctic": "^2.2.2", "hono": "^4.0.0" } }, "sha512-RlnjqvHzqcbFVymEwhlUEuac4utA5h4nhSK/i2szZuQmxTIqbGUxZ+nM+avM+VV4Ing+/ZaNLKILoXS3yrkOOw=="],

    "@opencode-ai/plugin": ["@opencode-ai/plugin@1.0.162", "", { "dependencies": { "@opencode-ai/sdk": "1.0.162", "zod": "4.1.8" } }, "sha512-tiJw7SCfSlG/3tY2O0J2UT06OLuazOzsv1zYlFbLxLy/EVedtW0pzxYalO20a4e//vInvOXFkhd2jLyB5vNEVA=="],

    "@opencode-ai/sdk": ["@opencode-ai/sdk@1.0.162", "", {}, "sha512-+XqRErBUt9eb1m3i/7WkZc/QCKCCjTaGV3MvhLhs/CUwbUn767D/ugzcG/i2ec8j/4nQmjJbjPDRmrQfvF1Qjw=="],

    "@oslojs/asn1": ["@oslojs/asn1@1.0.0", "", { "dependencies": { "@oslojs/binary": "1.0.0" } }, "sha512-zw/wn0sj0j0QKbIXfIlnEcTviaCzYOY3V5rAyjR6YtOByFtJiT574+8p9Wlach0lZH9fddD4yb9laEAIl4vXQA=="],

    "@oslojs/binary": ["@oslojs/binary@1.0.0", "", {}, "sha512-9RCU6OwXU6p67H4NODbuxv2S3eenuQ4/WFLrsq+K/k682xrznH5EVWA7N4VFk9VYVcbFtKqur5YQQZc0ySGhsQ=="],

    "@oslojs/crypto": ["@oslojs/crypto@1.0.1", "", { "dependencies": { "@oslojs/asn1": "1.0.0", "@oslojs/binary": "1.0.0" } }, "sha512-7n08G8nWjAr/Yu3vu9zzrd0L9XnrJfpMioQcvCMxBIiF5orECHe5/3J0jmXRVvgfqMm/+4oxlQ+Sq39COYLcNQ=="],

    "@oslojs/encoding": ["@oslojs/encoding@1.1.0", "", {}, "sha512-70wQhgYmndg4GCPxPPxPGevRKqTIJ2Nh4OkiMWmDAVYsTQ+Ta7Sq+rPevXyXGdzr30/qZBnyOalCszoMxlyldQ=="],

    "@oslojs/jwt": ["@oslojs/jwt@0.2.0", "", { "dependencies": { "@oslojs/encoding": "0.4.1" } }, "sha512-bLE7BtHrURedCn4Mco3ma9L4Y1GR2SMBuIvjWr7rmQ4/W/4Jy70TIAgZ+0nIlk0xHz1vNP8x8DCns45Sb2XRbg=="],

    "@standard-schema/spec": ["@standard-schema/spec@1.0.0-beta.3", "", {}, "sha512-0ifF3BjA1E8SY9C+nUew8RefNOIq0cDlYALPty4rhUm8Rrl6tCM8hBT4bhGhx7I7iXD0uAgt50lgo8dD73ACMw=="],

    "@types/node": ["@types/node@24.10.1", "", { "dependencies": { "undici-types": "~7.16.0" } }, "sha512-GNWcUTRBgIRJD5zj+Tq0fKOJ5XZajIiBroOF0yvj2bSU1WvNdYS/dn9UxwsujGW4JX06dnHyjV2y9rRaybH0iQ=="],

    "@types/picomatch": ["@types/picomatch@3.0.2", "", {}, "sha512-n0i8TD3UDB7paoMMxA3Y65vUncFJXjcUf7lQY7YyKGl6031FNjfsLs6pdLFCy2GNFxItPJG8GvvpbZc2skH7WA=="],

    "arctic": ["arctic@2.3.4", "", { "dependencies": { "@oslojs/crypto": "1.0.1", "@oslojs/encoding": "1.1.0", "@oslojs/jwt": "0.2.0" } }, "sha512-+p30BOWsctZp+CVYCt7oAean/hWGW42sH5LAcRQX56ttEkFJWbzXBhmSpibbzwSJkRrotmsA+oAoJoVsU0f5xA=="],

    "aws4fetch": ["aws4fetch@1.0.20", "", {}, "sha512-/djoAN709iY65ETD6LKCtyyEI04XIBP5xVvfmNxsEP0uJB5tyaGBztSryRr4HqMStr9R06PisQE7m9zDTXKu6g=="],

    "bun-types": ["bun-types@1.3.3", "", { "dependencies": { "@types/node": "*" } }, "sha512-z3Xwlg7j2l9JY27x5Qn3Wlyos8YAp0kKRlrePAOjgjMGS5IG6E7Jnlx736vH9UVI4wUICwwhC9anYL++XeOgTQ=="],

    "commander": ["commander@14.0.2", "", {}, "sha512-TywoWNNRbhoD0BXs1P3ZEScW8W5iKrnbithIl0YH+uCmBd0QpPOA8yc82DS3BIE5Ma6FnBVUsJ7wVUDz4dvOWQ=="],

    "detect-libc": ["detect-libc@2.1.2", "", {}, "sha512-Btj2BOOO83o3WyH59e8MgXsxEQVcarkUOpEYrubB0urwnN10yQ364rsiByU11nZlqWYZm05i/of7io4mzihBtQ=="],

    "hono": ["hono@4.10.8", "", {}, "sha512-DDT0A0r6wzhe8zCGoYOmMeuGu3dyTAE40HHjwUsWFTEy5WxK1x2WDSsBPlEXgPbRIFY6miDualuUDbasPogIww=="],

    "jose": ["jose@5.9.6", "", {}, "sha512-AMlnetc9+CV9asI19zHmrgS/WYsWUwCn2R7RzlbJWD7F9eWYUTGyBmU9o6PxngtLGOiDGPRu+Uc4fhKzbpteZQ=="],

    "picocolors": ["picocolors@1.1.1", "", {}, "sha512-xceH2snhtb5M9liqDsmEw56le376mTZkEX/jEb/RxNFyegNul7eNslCXP9FDj/Lcu0X8KEyMceP2ntpaHrDEVA=="],

    "picomatch": ["picomatch@4.0.3", "", {}, "sha512-5gTmgEY/sqK6gFXLIsQNH19lWb4ebPDLA4SdLP7dsWkIXHWlG66oPuVvXSGFPppYZz8ZDZq0dYYrbHfBCVUb1Q=="],

    "sisteransi": ["sisteransi@1.0.5", "", {}, "sha512-bLGGlR1QxBcynn2d5YmDX4MGjlZvy2MRBDRNHLJ8VI6l6+9FUiyTFNJ0IveOSP0bcXgVDPRcfGqA0pjaqUpfVg=="],

    "typescript": ["typescript@5.9.3", "", { "bin": { "tsc": "bin/tsc", "tsserver": "bin/tsserver" } }, "sha512-jl1vZzPDinLr9eUt3J/t7V6FgNEw9QjvBPdysz9KfQDD41fQrC2Y4vKQdiaUpFT4bXlb1RHhLpp8wtm6M5TgSw=="],

    "undici-types": ["undici-types@7.16.0", "", {}, "sha512-Zz+aZWSj8LE6zoxD+xrjh4VfkIG8Ya6LvYkZqtUQGJPZjYl53ypCaUwWqo7eI0x66KBGeRo+mlBEkMSeSZ38Nw=="],

    "xdg-basedir": ["xdg-basedir@5.1.0", "", {}, "sha512-GCPAHLvrIH13+c0SuacwvRYj2SxJXQ4kaVTT5xgL3kPrz56XxkF21IGhjSE1+W0aw7gpBWRGXLCPnPby6lSpmQ=="],

    "zod": ["zod@4.1.8", "", {}, "sha512-5R1P+WwQqmmMIEACyzSvo4JXHY5WiAFHRMg+zBZKgKS+Q1viRa0C1hmUKtHltoIFKtIdki3pRxkmpP74jnNYHQ=="],

    "@oslojs/jwt/@oslojs/encoding": ["@oslojs/encoding@0.4.1", "", {}, "sha512-hkjo6MuIK/kQR5CrGNdAPZhS01ZCXuWDRJ187zh6qqF2+yMHZpD9fAYpX8q2bOO6Ryhl3XpCT6kUX76N8hhm4Q=="],
  }
}
